lockfileVersion: '9.0'

settings:
  autoInstallPeers: true
  excludeLinksFromLockfile: false

importers:

  .:
    dependencies:
      '@gamebuddy/game-action-devkit':
        specifier: file:inputs/devkit/game-action-devkit-0.1.0.tgz
        version: file:inputs/devkit/game-action-devkit-0.1.0.tgz

packages:

  '@gamebuddy/game-action-devkit@file:inputs/devkit/game-action-devkit-0.1.0.tgz':
    resolution: {integrity: sha512-IboPB33wHPG6kbV/U1oeET9lzfVQYyqBP+tA7WSO7y8pb3656z9rnFAnC0kiMmxOv1yqcEWFfg/hjY0UAJmCuQ==, tarball: file:inputs/devkit/game-action-devkit-0.1.0.tgz}
    version: 0.1.0
    engines: {node: '>=24.13.0 <25', pnpm: '>=11.1.3 <12'}
    hasBin: true

snapshots:

  '@gamebuddy/game-action-devkit@file:inputs/devkit/game-action-devkit-0.1.0.tgz': {}
