Microsoft Visual Studio Solution File, Format Version 12.00
# Visual Studio Version 17
VisualStudioVersion = 17.0.31903.59
MinimumVisualStudioVersion = 10.0.40219.1
Project("{FAE04EC0-301F-11D3-BF4B-00C04F79EFBC}") = "GameBuddy.Stardew", "integrations\stardew\GameBuddy.Stardew.csproj", "{2DF4E8F5-9168-42D9-8B29-7CE7C4C9EEB7}"
EndProject
Project("{2150E333-8FDC-42A3-9474-1A3956D46DE8}") = "integrations", "integrations", "{0B703BBF-D8F1-4C5A-850A-D12B8C9B703A}"
EndProject
Project("{2150E333-8FDC-42A3-9474-1A3956D46DE8}") = "stardew", "stardew", "{BC640070-1C52-4E1E-918D-B27AFC1A964C}"
EndProject
Project("{2150E333-8FDC-42A3-9474-1A3956D46DE8}") = "src", "src", "{0F01CCD2-2567-44BD-9F06-E18575127B87}"
EndProject
Project("{FAE04EC0-301F-11D3-BF4B-00C04F79EFBC}") = "GameBuddy.Stardew.Core", "integrations\stardew\src\Core\GameBuddy.Stardew.Core.csproj", "{817B4CB2-57D1-409D-9381-785CFE8E5D96}"
EndProject
Project("{2150E333-8FDC-42A3-9474-1A3956D46DE8}") = "tests", "tests", "{DCCE2FEB-1FBE-4DA3-B047-E56F1760BA37}"
EndProject
Project("{FAE04EC0-301F-11D3-BF4B-00C04F79EFBC}") = "GameBuddy.Stardew.Core.Tests", "integrations\stardew\tests\GameBuddy.Stardew.Core.Tests\GameBuddy.Stardew.Core.Tests.csproj", "{7B586A73-D52E-4694-9A0A-6225C363B27C}"
EndProject
Project("{FAE04EC0-301F-11D3-BF4B-00C04F79EFBC}") = "GameBuddy.Stardew.Integration.Tests", "integrations\stardew\tests\GameBuddy.Stardew.Integration.Tests\GameBuddy.Stardew.Integration.Tests.csproj", "{412C39B7-7FBA-4258-AF9A-8EE43F072E38}"
EndProject
Global
	GlobalSection(SolutionConfigurationPlatforms) = preSolution
		Debug|Any CPU = Debug|Any CPU
		Release|Any CPU = Release|Any CPU
	EndGlobalSection
	GlobalSection(ProjectConfigurationPlatforms) = postSolution
		{2DF4E8F5-9168-42D9-8B29-7CE7C4C9EEB7}.Debug|Any CPU.ActiveCfg = Debug|Any CPU
		{2DF4E8F5-9168-42D9-8B29-7CE7C4C9EEB7}.Debug|Any CPU.Build.0 = Debug|Any CPU
		{2DF4E8F5-9168-42D9-8B29-7CE7C4C9EEB7}.Release|Any CPU.ActiveCfg = Release|Any CPU
		{2DF4E8F5-9168-42D9-8B29-7CE7C4C9EEB7}.Release|Any CPU.Build.0 = Release|Any CPU
		{817B4CB2-57D1-409D-9381-785CFE8E5D96}.Debug|Any CPU.ActiveCfg = Debug|Any CPU
		{817B4CB2-57D1-409D-9381-785CFE8E5D96}.Debug|Any CPU.Build.0 = Debug|Any CPU
		{817B4CB2-57D1-409D-9381-785CFE8E5D96}.Release|Any CPU.ActiveCfg = Release|Any CPU
		{817B4CB2-57D1-409D-9381-785CFE8E5D96}.Release|Any CPU.Build.0 = Release|Any CPU
		{7B586A73-D52E-4694-9A0A-6225C363B27C}.Debug|Any CPU.ActiveCfg = Debug|Any CPU
		{7B586A73-D52E-4694-9A0A-6225C363B27C}.Debug|Any CPU.Build.0 = Debug|Any CPU
		{7B586A73-D52E-4694-9A0A-6225C363B27C}.Release|Any CPU.ActiveCfg = Release|Any CPU
		{7B586A73-D52E-4694-9A0A-6225C363B27C}.Release|Any CPU.Build.0 = Release|Any CPU
		{412C39B7-7FBA-4258-AF9A-8EE43F072E38}.Debug|Any CPU.ActiveCfg = Debug|Any CPU
		{412C39B7-7FBA-4258-AF9A-8EE43F072E38}.Debug|Any CPU.Build.0 = Debug|Any CPU
		{412C39B7-7FBA-4258-AF9A-8EE43F072E38}.Release|Any CPU.ActiveCfg = Release|Any CPU
		{412C39B7-7FBA-4258-AF9A-8EE43F072E38}.Release|Any CPU.Build.0 = Release|Any CPU
	EndGlobalSection
	GlobalSection(NestedProjects) = preSolution
		{BC640070-1C52-4E1E-918D-B27AFC1A964C} = {0B703BBF-D8F1-4C5A-850A-D12B8C9B703A}
		{0F01CCD2-2567-44BD-9F06-E18575127B87} = {BC640070-1C52-4E1E-918D-B27AFC1A964C}
		{817B4CB2-57D1-409D-9381-785CFE8E5D96} = {0F01CCD2-2567-44BD-9F06-E18575127B87}
		{DCCE2FEB-1FBE-4DA3-B047-E56F1760BA37} = {BC640070-1C52-4E1E-918D-B27AFC1A964C}
		{7B586A73-D52E-4694-9A0A-6225C363B27C} = {DCCE2FEB-1FBE-4DA3-B047-E56F1760BA37}
		{412C39B7-7FBA-4258-AF9A-8EE43F072E38} = {DCCE2FEB-1FBE-4DA3-B047-E56F1760BA37}
	EndGlobalSection
EndGlobal
